
Microsoft Visual Studio Solution File, Format Version 12.00
# Visual Studio Version 16
VisualStudioVersion = 16.0.30309.148
MinimumVisualStudioVersion = 10.0.40219.1
Project("{9A19103F-16F7-4668-BE54-9A1E7A4F7556}") = "StudentAspNetCore", "StudentAspNetCore\StudentAspNetCore.csproj", "{88E01662-8641-40DD-BFE3-E6BC492F0DA8}"
EndProject
Project("{9A19103F-16F7-4668-BE54-9A1E7A4F7556}") = "StudentAspNetCore.Service", "StudentAspNetCore.Service\StudentAspNetCore.Service.csproj", "{975E2567-4EBE-4B67-8958-D4B3D207FA02}"
EndProject
Project("{9A19103F-16F7-4668-BE54-9A1E7A4F7556}") = "StudentAspNetCore.ViewModels", "ViewModels\StudentAspNetCore.ViewModels.csproj", "{876B5FA3-6079-49B3-959A-48E52D08A610}"
EndProject
Project("{9A19103F-16F7-4668-BE54-9A1E7A4F7556}") = "StudentAspNetCore.Model", "StudentAspNetCore.Model\StudentAspNetCore.Model.csproj", "{6B280855-6AFA-41FD-9E65-98D864223C86}"
EndProject
Project("{FAE04EC0-301F-11D3-BF4B-00C04F79EFBC}") = "StudentAspNetCore.WebAPI", "StudentAspNetCore.WebAPI\StudentAspNetCore.WebAPI.csproj", "{92C05AF0-8B7F-4AEC-BEE7-7DD729473A24}"
EndProject
Global
	GlobalSection(SolutionConfigurationPlatforms) = preSolution
		Debug|Any CPU = Debug|Any CPU
		Release|Any CPU = Release|Any CPU
	EndGlobalSection
	GlobalSection(ProjectConfigurationPlatforms) = postSolution
		{88E01662-8641-40DD-BFE3-E6BC492F0DA8}.Debug|Any CPU.ActiveCfg = Debug|Any CPU
		{88E01662-8641-40DD-BFE3-E6BC492F0DA8}.Debug|Any CPU.Build.0 = Debug|Any CPU
		{88E01662-8641-40DD-BFE3-E6BC492F0DA8}.Release|Any CPU.ActiveCfg = Release|Any CPU
		{88E01662-8641-40DD-BFE3-E6BC492F0DA8}.Release|Any CPU.Build.0 = Release|Any CPU
		{975E2567-4EBE-4B67-8958-D4B3D207FA02}.Debug|Any CPU.ActiveCfg = Debug|Any CPU
		{975E2567-4EBE-4B67-8958-D4B3D207FA02}.Debug|Any CPU.Build.0 = Debug|Any CPU
		{975E2567-4EBE-4B67-8958-D4B3D207FA02}.Release|Any CPU.ActiveCfg = Release|Any CPU
		{975E2567-4EBE-4B67-8958-D4B3D207FA02}.Release|Any CPU.Build.0 = Release|Any CPU
		{876B5FA3-6079-49B3-959A-48E52D08A610}.Debug|Any CPU.ActiveCfg = Debug|Any CPU
		{876B5FA3-6079-49B3-959A-48E52D08A610}.Debug|Any CPU.Build.0 = Debug|Any CPU
		{876B5FA3-6079-49B3-959A-48E52D08A610}.Release|Any CPU.ActiveCfg = Release|Any CPU
		{876B5FA3-6079-49B3-959A-48E52D08A610}.Release|Any CPU.Build.0 = Release|Any CPU
		{6B280855-6AFA-41FD-9E65-98D864223C86}.Debug|Any CPU.ActiveCfg = Debug|Any CPU
		{6B280855-6AFA-41FD-9E65-98D864223C86}.Debug|Any CPU.Build.0 = Debug|Any CPU
		{6B280855-6AFA-41FD-9E65-98D864223C86}.Release|Any CPU.ActiveCfg = Release|Any CPU
		{6B280855-6AFA-41FD-9E65-98D864223C86}.Release|Any CPU.Build.0 = Release|Any CPU
		{92C05AF0-8B7F-4AEC-BEE7-7DD729473A24}.Debug|Any CPU.ActiveCfg = Debug|Any CPU
		{92C05AF0-8B7F-4AEC-BEE7-7DD729473A24}.Debug|Any CPU.Build.0 = Debug|Any CPU
		{92C05AF0-8B7F-4AEC-BEE7-7DD729473A24}.Release|Any CPU.ActiveCfg = Release|Any CPU
		{92C05AF0-8B7F-4AEC-BEE7-7DD729473A24}.Release|Any CPU.Build.0 = Release|Any CPU
	EndGlobalSection
	GlobalSection(SolutionProperties) = preSolution
		HideSolutionNode = FALSE
	EndGlobalSection
	GlobalSection(ExtensibilityGlobals) = postSolution
		SolutionGuid = {B55B932F-939C-442E-BC07-929BC7F665A9}
	EndGlobalSection
EndGlobal
